{
    "name": "kore-ui",
    "version": "0.1.0",
    "lockfileVersion": 3,
    "requires": true,
    "packages": {
        "": {
            "name": "kore-ui",
            "version": "0.1.0",
            "license": "MIT",
            "dependencies": {
                "@alpinejs/collapse": "^3.15.8",
                "@floating-ui/dom": "^1.7.6"
            }
        },
        "node_modules/@alpinejs/collapse": {
            "version": "3.15.8",
            "resolved": "https://registry.npmjs.org/@alpinejs/collapse/-/collapse-3.15.8.tgz",
            "integrity": "sha512-zZhD8DHdHuzGFe8+cHNH99K//oFutzKwcy6vagydb3KFlTzmqxTnHZo5sSV81lAazhV7qKsYCKtNV14tR9QkJw==",
            "license": "MIT"
        },
        "node_modules/@floating-ui/core": {
            "version": "1.7.5",
            "resolved": "https://registry.npmjs.org/@floating-ui/core/-/core-1.7.5.tgz",
            "integrity": "sha512-1Ih4WTWyw0+lKyFMcBHGbb5U5FtuHJuujoyyr5zTaWS5EYMeT6Jb2AuDeftsCsEuchO+mM2ij5+q9crhydzLhQ==",
            "license": "MIT",
            "dependencies": {
                "@floating-ui/utils": "^0.2.11"
            }
        },
        "node_modules/@floating-ui/dom": {
            "version": "1.7.6",
            "resolved": "https://registry.npmjs.org/@floating-ui/dom/-/dom-1.7.6.tgz",
            "integrity": "sha512-9gZSAI5XM36880PPMm//9dfiEngYoC6Am2izES1FF406YFsjvyBMmeJ2g4SAju3xWwtuynNRFL2s9hgxpLI5SQ==",
            "license": "MIT",
            "dependencies": {
                "@floating-ui/core": "^1.7.5",
                "@floating-ui/utils": "^0.2.11"
            }
        },
        "node_modules/@floating-ui/utils": {
            "version": "0.2.11",
            "resolved": "https://registry.npmjs.org/@floating-ui/utils/-/utils-0.2.11.tgz",
            "integrity": "sha512-RiB/yIh78pcIxl6lLMG0CgBXAZ2Y0eVHqMPYugu+9U0AeT6YBeiJpf7lbdJNIugFP5SIjwNRgo4DhR1Qxi26Gg==",
            "license": "MIT"
        }
    }
}
